
Microsoft Visual Studio Solution File, Format Version 12.00
# Visual Studio Version 17
VisualStudioVersion = 17.9.34902.65
MinimumVisualStudioVersion = 10.0.40219.1
Project("{FAE04EC0-301F-11D3-BF4B-00C04F79EFBC}") = "MiPrimerAPI", "MiPrimerAPI.csproj", "{A804C2E2-5BDE-431A-8ECA-B3DD73DBC911}"
EndProject
Global
	GlobalSection(SolutionConfigurationPlatforms) = preSolution
		Debug|Any CPU = Debug|Any CPU
		Release|Any CPU = Release|Any CPU
	EndGlobalSection
	GlobalSection(ProjectConfigurationPlatforms) = postSolution
		{A804C2E2-5BDE-431A-8ECA-B3DD73DBC911}.Debug|Any CPU.ActiveCfg = Debug|Any CPU
		{A804C2E2-5BDE-431A-8ECA-B3DD73DBC911}.Debug|Any CPU.Build.0 = Debug|Any CPU
		{A804C2E2-5BDE-431A-8ECA-B3DD73DBC911}.Release|Any CPU.ActiveCfg = Release|Any CPU
		{A804C2E2-5BDE-431A-8ECA-B3DD73DBC911}.Release|Any CPU.Build.0 = Release|Any CPU
	EndGlobalSection
	GlobalSection(SolutionProperties) = preSolution
		HideSolutionNode = FALSE
	EndGlobalSection
	GlobalSection(ExtensibilityGlobals) = postSolution
		SolutionGuid = {B0994997-C2EA-4C86-B6D7-40A6ACB214D5}
	EndGlobalSection
EndGlobal
